{
  "name": "ms-todo-bookmarklet",
  "version": "1.0.0",
  "lockfileVersion": 3,
  "requires": true,
  "packages": {
    "": {
      "name": "ms-todo-bookmarklet",
      "version": "1.0.0",
      "hasInstallScript": true,
      "dependencies": {
        "@azure/msal-browser": "^5.21.0",
        "jquery": "^4.0.0",
        "jquery-ui": "^1.14.2"
      }
    },
    "node_modules/@azure/msal-browser": {
      "version": "5.21.0",
      "resolved": "https://registry.npmjs.org/@azure/msal-browser/-/msal-browser-5.21.0.tgz",
      "integrity": "sha512-80OcuXDErmcEDAIH9pBtSqBsed2sPT/IWmbG3xHLoPMl5zc8TINd6SlJAbVSmN5huGa3xGAg5qR7VnpaIEK0Zw==",
      "license": "MIT",
      "dependencies": {
        "@azure/msal-common": "16.14.0"
      },
      "engines": {
        "node": ">=0.8.0"
      }
    },
    "node_modules/@azure/msal-common": {
      "version": "16.14.0",
      "resolved": "https://registry.npmjs.org/@azure/msal-common/-/msal-common-16.14.0.tgz",
      "integrity": "sha512-A4rb55hI86Q9tBl/+jBj7TMz7iX2RFgQs/nExFzcAtoI/BFRVdaH5SL/MivrYD7qvweMpN8AgVvVMHV8UBYxew==",
      "license": "MIT",
      "engines": {
        "node": ">=0.8.0"
      }
    },
    "node_modules/jquery": {
      "version": "4.0.0",
      "resolved": "https://registry.npmjs.org/jquery/-/jquery-4.0.0.tgz",
      "integrity": "sha512-TXCHVR3Lb6TZdtw1l3RTLf8RBWVGexdxL6AC8/e0xZKEpBflBsjh9/8LXw+dkNFuOyW9B7iB3O1sP7hS0Kiacg==",
      "license": "MIT"
    },
    "node_modules/jquery-ui": {
      "version": "1.14.2",
      "resolved": "https://registry.npmjs.org/jquery-ui/-/jquery-ui-1.14.2.tgz",
      "integrity": "sha512-1gSl7PUjyipa2adSr780Ujk16faicrV7PjPPzPtvWk7tTqBnsqp67NNV9jZK2+BIxUPXWSnIUU/LBCgwgGZE+Q==",
      "license": "MIT",
      "dependencies": {
        "jquery": ">=1.12.0 <5.0.0"
      }
    }
  }
}
